// !$*UTF8*$!
{
	archiveVersion = 1;
	classes = {
	};
	objectVersion = 50;
	objects = {

/* Begin PBXBuildFile section */
		8CFA6E81225B5301005066A3 /* AppDelegate.swift in Sources */ = {isa = PBXBuildFile; fileRef = 8CFA6E80225B5301005066A3 /* AppDelegate.swift */; };
		8CFA6E83225B5301005066A3 /* TopicViewController.swift in Sources */ = {isa = PBXBuildFile; fileRef = 8CFA6E82225B5301005066A3 /* TopicViewController.swift */; };
		8CFA6E86225B5301005066A3 /* Main.storyboard in Resources */ = {isa = PBXBuildFile; fileRef = 8CFA6E84225B5301005066A3 /* Main.storyboard */; };
		8CFA6E88225B5302005066A3 /* Assets.xcassets in Resources */ = {isa = PBXBuildFile; fileRef = 8CFA6E87225B5302005066A3 /* Assets.xcassets */; };
		8CFA6E8B225B5302005066A3 /* LaunchScreen.storyboard in Resources */ = {isa = PBXBuildFile; fileRef = 8CFA6E89225B5302005066A3 /* LaunchScreen.storyboard */; };
		8CFA6E93225B580A005066A3 /* VocabTableViewController.swift in Sources */ = {isa = PBXBuildFile; fileRef = 8CFA6E92225B580A005066A3 /* VocabTableViewController.swift */; };
		8CFA6E95225B5931005066A3 /* Topic.swift in Sources */ = {isa = PBXBuildFile; fileRef = 8CFA6E94225B5931005066A3 /* Topic.swift */; };
		8CFA6E97225B59D8005066A3 /* Vocab.swift in Sources */ = {isa = PBXBuildFile; fileRef = 8CFA6E96225B59D8005066A3 /* Vocab.swift */; };
		8CFA6E99225B60FE005066A3 /* TopicList.swift in Sources */ = {isa = PBXBuildFile; fileRef = 8CFA6E98225B60FE005066A3 /* TopicList.swift */; };
		8CFA6E9B225B6230005066A3 /* VocabList.swift in Sources */ = {isa = PBXBuildFile; fileRef = 8CFA6E9A225B6230005066A3 /* VocabList.swift */; };
/* End PBXBuildFile section */

/* Begin PBXFileReference section */
		8CFA6E7D225B5301005066A3 /* MIilestone3.app */ = {isa = PBXFileReference; explicitFileType = wrapper.application; includeInIndex = 0; path = MIilestone3.app; sourceTree = BUILT_PRODUCTS_DIR; };
		8CFA6E80225B5301005066A3 /* AppDelegate.swift */ = {isa = PBXFileReference; lastKnownFileType = sourcecode.swift; path = AppDelegate.swift; sourceTree = "<group>"; };
		8CFA6E82225B5301005066A3 /* TopicViewController.swift */ = {isa = PBXFileReference; lastKnownFileType = sourcecode.swift; path = TopicViewController.swift; sourceTree = "<group>"; };
		8CFA6E85225B5301005066A3 /* Base */ = {isa = PBXFileReference; lastKnownFileType = file.storyboard; name = Base; path = Base.lproj/Main.storyboard; sourceTree = "<group>"; };
		8CFA6E87225B5302005066A3 /* Assets.xcassets */ = {isa = PBXFileReference; lastKnownFileType = folder.assetcatalog; path = Assets.xcassets; sourceTree = "<group>"; };
		8CFA6E8A225B5302005066A3 /* Base */ = {isa = PBXFileReference; lastKnownFileType = file.storyboard; name = Base; path = Base.lproj/LaunchScreen.storyboard; sourceTree = "<group>"; };
		8CFA6E8C225B5302005066A3 /* Info.plist */ = {isa = PBXFileReference; lastKnownFileType = text.plist.xml; path = Info.plist; sourceTree = "<group>"; };
		8CFA6E92225B580A005066A3 /* VocabTableViewController.swift */ = {isa = PBXFileReference; lastKnownFileType = sourcecode.swift; path = VocabTableViewController.swift; sourceTree = "<group>"; };
		8CFA6E94225B5931005066A3 /* Topic.swift */ = {isa = PBXFileReference; lastKnownFileType = sourcecode.swift; path = Topic.swift; sourceTree = "<group>"; };
		8CFA6E96225B59D8005066A3 /* Vocab.swift */ = {isa = PBXFileReference; lastKnownFileType = sourcecode.swift; path = Vocab.swift; sourceTree = "<group>"; };
		8CFA6E98225B60FE005066A3 /* TopicList.swift */ = {isa = PBXFileReference; lastKnownFileType = sourcecode.swift; path = TopicList.swift; sourceTree = "<group>"; };
		8CFA6E9A225B6230005066A3 /* VocabList.swift */ = {isa = PBXFileReference; lastKnownFileType = sourcecode.swift; path = VocabList.swift; sourceTree = "<group>"; };
/* End PBXFileReference section */

/* Begin PBXFrameworksBuildPhase section */
		8CFA6E7A225B5301005066A3 /* Frameworks */ = {
			isa = PBXFrameworksBuildPhase;
			buildActionMask = 2147483647;
			files = (
			);
			runOnlyForDeploymentPostprocessing = 0;
		};
/* End PBXFrameworksBuildPhase section */

/* Begin PBXGroup section */
		8CFA6E74225B5301005066A3 = {
			isa = PBXGroup;
			children = (
				8CFA6E7F225B5301005066A3 /* MIilestone3 */,
				8CFA6E7E225B5301005066A3 /* Products */,
			);
			sourceTree = "<group>";
		};
		8CFA6E7E225B5301005066A3 /* Products */ = {
			isa = PBXGroup;
			children = (
				8CFA6E7D225B5301005066A3 /* MIilestone3.app */,
			);
			name = Products;
			sourceTree = "<group>";
		};
		8CFA6E7F225B5301005066A3 /* MIilestone3 */ = {
			isa = PBXGroup;
			children = (
				8CFA6E80225B5301005066A3 /* AppDelegate.swift */,
				8CFA6E82225B5301005066A3 /* TopicViewController.swift */,
				8CFA6E92225B580A005066A3 /* VocabTableViewController.swift */,
				8CFA6E84225B5301005066A3 /* Main.storyboard */,
				8CFA6E87225B5302005066A3 /* Assets.xcassets */,
				8CFA6E89225B5302005066A3 /* LaunchScreen.storyboard */,
				8CFA6E8C225B5302005066A3 /* Info.plist */,
				8CFA6E96225B59D8005066A3 /* Vocab.swift */,
				8CFA6E9A225B6230005066A3 /* VocabList.swift */,
				8CFA6E94225B5931005066A3 /* Topic.swift */,
				8CFA6E98225B60FE005066A3 /* TopicList.swift */,
			);
			path = MIilestone3;
			sourceTree = "<group>";
		};
/* End PBXGroup section */

/* Begin PBXNativeTarget section */
		8CFA6E7C225B5301005066A3 /* MIilestone3 */ = {
			isa = PBXNativeTarget;
			buildConfigurationList = 8CFA6E8F225B5302005066A3 /* Build configuration list for PBXNativeTarget "MIilestone3" */;
			buildPhases = (
				8CFA6E79225B5301005066A3 /* Sources */,
				8CFA6E7A225B5301005066A3 /* Frameworks */,
				8CFA6E7B225B5301005066A3 /* Resources */,
			);
			buildRules = (
			);
			dependencies = (
			);
			name = MIilestone3;
			productName = MIilestone3;
			productReference = 8CFA6E7D225B5301005066A3 /* MIilestone3.app */;
			productType = "com.apple.product-type.application";
		};
/* End PBXNativeTarget section */

/* Begin PBXProject section */
		8CFA6E75225B5301005066A3 /* Project object */ = {
			isa = PBXProject;
			attributes = {
				LastSwiftUpdateCheck = 1010;
				LastUpgradeCheck = 1010;
				ORGANIZATIONNAME = 8bitzz;
				TargetAttributes = {
					8CFA6E7C225B5301005066A3 = {
						CreatedOnToolsVersion = 10.1;
					};
				};
			};
			buildConfigurationList = 8CFA6E78225B5301005066A3 /* Build configuration list for PBXProject "MIilestone3" */;
			compatibilityVersion = "Xcode 9.3";
			developmentRegion = en;
			hasScannedForEncodings = 0;
			knownRegions = (
				en,
				Base,
			);
			mainGroup = 8CFA6E74225B5301005066A3;
			productRefGroup = 8CFA6E7E225B5301005066A3 /* Products */;
			projectDirPath = "";
			projectRoot = "";
			targets = (
				8CFA6E7C225B5301005066A3 /* MIilestone3 */,
			);
		};
/* End PBXProject section */

/* Begin PBXResourcesBuildPhase section */
		8CFA6E7B225B5301005066A3 /* Resources */ = {
			isa = PBXResourcesBuildPhase;
			buildActionMask = 2147483647;
			files = (
				8CFA6E8B225B5302005066A3 /* LaunchScreen.storyboard in Resources */,
				8CFA6E88225B5302005066A3 /* Assets.xcassets in Resources */,
				8CFA6E86225B5301005066A3 /* Main.storyboard in Resources */,
			);
			runOnlyForDeploymentPostprocessing = 0;
		};
/* End PBXResourcesBuildPhase section */

/* Begin PBXSourcesBuildPhase section */
		8CFA6E79225B5301005066A3 /* Sources */ = {
			isa = PBXSourcesBuildPhase;
			buildActionMask = 2147483647;
			files = (
				8CFA6E83225B5301005066A3 /* TopicViewController.swift in Sources */,
				8CFA6E97225B59D8005066A3 /* Vocab.swift in Sources */,
				8CFA6E95225B5931005066A3 /* Topic.swift in Sources */,
				8CFA6E93225B580A005066A3 /* VocabTableViewController.swift in Sources */,
				8CFA6E81225B5301005066A3 /* AppDelegate.swift in Sources */,
				8CFA6E9B225B6230005066A3 /* VocabList.swift in Sources */,
				8CFA6E99225B60FE005066A3 /* TopicList.swift in Sources */,
			);
			runOnlyForDeploymentPostprocessing = 0;
		};
/* End PBXSourcesBuildPhase section */

/* Begin PBXVariantGroup section */
		8CFA6E84225B5301005066A3 /* Main.storyboard */ = {
			isa = PBXVariantGroup;
			children = (
				8CFA6E85225B5301005066A3 /* Base */,
			);
			name = Main.storyboard;
			sourceTree = "<group>";
		};
		8CFA6E89225B5302005066A3 /* LaunchScreen.storyboard */ = {
			isa = PBXVariantGroup;
			children = (
				8CFA6E8A225B5302005066A3 /* Base */,
			);
			name = LaunchScreen.storyboard;
			sourceTree = "<group>";
		};
/* End PBXVariantGroup section */

/* Begin XCBuildConfiguration section */
		8CFA6E8D225B5302005066A3 /* Debug */ = {
			isa = XCBuildConfiguration;
			buildSettings = {
				ALWAYS_SEARCH_USER_PATHS = NO;
				CLANG_ANALYZER_NONNULL = YES;
				CLANG_ANALYZER_NUMBER_OBJECT_CONVERSION = YES_AGGRESSIVE;
				CLANG_CXX_LANGUAGE_STANDARD = "gnu++14";
				CLANG_CXX_LIBRARY = "libc++";
				CLANG_ENABLE_MODULES = YES;
				CLANG_ENABLE_OBJC_ARC = YES;
				CLANG_ENABLE_OBJC_WEAK = YES;
				CLANG_WARN_BLOCK_CAPTURE_AUTORELEASING = YES;
				CLANG_WARN_BOOL_CONVERSION = YES;
				CLANG_WARN_COMMA = YES;
				CLANG_WARN_CONSTANT_CONVERSION = YES;
				CLANG_WARN_DEPRECATED_OBJC_IMPLEMENTATIONS = YES;
				CLANG_WARN_DIRECT_OBJC_ISA_USAGE = YES_ERROR;
				CLANG_WARN_DOCUMENTATION_COMMENTS = YES;
				CLANG_WARN_EMPTY_BODY = YES;
				CLANG_WARN_ENUM_CONVERSION = YES;
				CLANG_WARN_INFINITE_RECURSION = YES;
				CLANG_WARN_INT_CONVERSION = YES;
				CLANG_WARN_NON_LITERAL_NULL_CONVERSION = YES;
				CLANG_WARN_OBJC_IMPLICIT_RETAIN_SELF = YES;
				CLANG_WARN_OBJC_LITERAL_CONVERSION = YES;
				CLANG_WARN_OBJC_ROOT_CLASS = YES_ERROR;
				CLANG_WARN_RANGE_LOOP_ANALYSIS = YES;
				CLANG_WARN_STRICT_PROTOTYPES = YES;
				CLANG_WARN_SUSPICIOUS_MOVE = YES;
				CLANG_WARN_UNGUARDED_AVAILABILITY = YES_AGGRESSIVE;
				CLANG_WARN_UNREACHABLE_CODE = YES;
				CLANG_WARN__DUPLICATE_METHOD_MATCH = YES;
				CODE_SIGN_IDENTITY = "iPhone Developer";
				COPY_PHASE_STRIP = NO;
				DEBUG_INFORMATION_FORMAT = dwarf;
				ENABLE_STRICT_OBJC_MSGSEND = YES;
				ENABLE_TESTABILITY = YES;
				GCC_C_LANGUAGE_STANDARD = gnu11;
				GCC_DYNAMIC_NO_PIC = NO;
				GCC_NO_COMMON_BLOCKS = YES;
				GCC_OPTIMIZATION_LEVEL = 0;
				GCC_PREPROCESSOR_DEFINITIONS = (
					"DEBUG=1",
					"$(inherited)",
				);
				GCC_WARN_64_TO_32_BIT_CONVERSION = YES;
				GCC_WARN_ABOUT_RETURN_TYPE = YES_ERROR;
				GCC_WARN_UNDECLARED_SELECTOR = YES;
				GCC_WARN_UNINITIALIZED_AUTOS = YES_AGGRESSIVE;
				GCC_WARN_UNUSED_FUNCTION = YES;
				GCC_WARN_UNUSED_VARIABLE = YES;
				IPHONEOS_DEPLOYMENT_TARGET = 12.1;
				MTL_ENABLE_DEBUG_INFO = INCLUDE_SOURCE;
				MTL_FAST_MATH = YES;
				ONLY_ACTIVE_ARCH = YES;
				SDKROOT = iphoneos;
				SWIFT_ACTIVE_COMPILATION_CONDITIONS = DEBUG;
				SWIFT_OPTIMIZATION_LEVEL = "-Onone";
			};
			name = Debug;
		};
		8CFA6E8E225B5302005066A3 /* Release */ = {
			isa = XCBuildConfiguration;
			buildSettings = {
				ALWAYS_SEARCH_USER_PATHS = NO;
				CLANG_ANALYZER_NONNULL = YES;
				CLANG_ANALYZER_NUMBER_OBJECT_CONVERSION = YES_AGGRESSIVE;
				CLANG_CXX_LANGUAGE_STANDARD = "gnu++14";
				CLANG_CXX_LIBRARY = "libc++";
				CLANG_ENABLE_MODULES = YES;
				CLANG_ENABLE_OBJC_ARC = YES;
				CLANG_ENABLE_OBJC_WEAK = YES;
				CLANG_WARN_BLOCK_CAPTURE_AUTORELEASING = YES;
				CLANG_WARN_BOOL_CONVERSION = YES;
				CLANG_WARN_COMMA = YES;
				CLANG_WARN_CONSTANT_CONVERSION = YES;
				CLANG_WARN_DEPRECATED_OBJC_IMPLEMENTATIONS = YES;
				CLANG_WARN_DIRECT_OBJC_ISA_USAGE = YES_ERROR;
				CLANG_WARN_DOCUMENTATION_COMMENTS = YES;
				CLANG_WARN_EMPTY_BODY = YES;
				CLANG_WARN_ENUM_CONVERSION = YES;
				CLANG_WARN_INFINITE_RECURSION = YES;
				CLANG_WARN_INT_CONVERSION = YES;
				CLANG_WARN_NON_LITERAL_NULL_CONVERSION = YES;
				CLANG_WARN_OBJC_IMPLICIT_RETAIN_SELF = YES;
				CLANG_WARN_OBJC_LITERAL_CONVERSION = YES;
				CLANG_WARN_OBJC_ROOT_CLASS = YES_ERROR;
				CLANG_WARN_RANGE_LOOP_ANALYSIS = YES;
				CLANG_WARN_STRICT_PROTOTYPES = YES;
				CLANG_WARN_SUSPICIOUS_MOVE = YES;
				CLANG_WARN_UNGUARDED_AVAILABILITY = YES_AGGRESSIVE;
				CLANG_WARN_UNREACHABLE_CODE = YES;
				CLANG_WARN__DUPLICATE_METHOD_MATCH = YES;
				CODE_SIGN_IDENTITY = "iPhone Developer";
				COPY_PHASE_STRIP = NO;
				DEBUG_INFORMATION_FORMAT = "dwarf-with-dsym";
				ENABLE_NS_ASSERTIONS = NO;
				ENABLE_STRICT_OBJC_MSGSEND = YES;
				GCC_C_LANGUAGE_STANDARD = gnu11;
				GCC_NO_COMMON_BLOCKS = YES;
				GCC_WARN_64_TO_32_BIT_CONVERSION = YES;
				GCC_WARN_ABOUT_RETURN_TYPE = YES_ERROR;
				GCC_WARN_UNDECLARED_SELECTOR = YES;
				GCC_WARN_UNINITIALIZED_AUTOS = YES_AGGRESSIVE;
				GCC_WARN_UNUSED_FUNCTION = YES;
				GCC_WARN_UNUSED_VARIABLE = YES;
				IPHONEOS_DEPLOYMENT_TARGET = 12.1;
				MTL_ENABLE_DEBUG_INFO = NO;
				MTL_FAST_MATH = YES;
				SDKROOT = iphoneos;
				SWIFT_COMPILATION_MODE = wholemodule;
				SWIFT_OPTIMIZATION_LEVEL = "-O";
				VALIDATE_PRODUCT = YES;
			};
			name = Release;
		};
		8CFA6E90225B5302005066A3 /* Debug */ = {
			isa = XCBuildConfiguration;
			buildSettings = {
				ASSETCATALOG_COMPILER_APPICON_NAME = AppIcon;
				CODE_SIGN_STYLE = Automatic;
				INFOPLIST_FILE = MIilestone3/Info.plist;
				LD_RUNPATH_SEARCH_PATHS = (
					"$(inherited)",
					"@executable_path/Frameworks",
				);
				PRODUCT_BUNDLE_IDENTIFIER = com.8bitzz.MIilestone3;
				PRODUCT_NAME = "$(TARGET_NAME)";
				SWIFT_VERSION = 4.2;
				TARGETED_DEVICE_FAMILY = "1,2";
			};
			name = Debug;
		};
		8CFA6E91225B5302005066A3 /* Release */ = {
			isa = XCBuildConfiguration;
			buildSettings = {
				ASSETCATALOG_COMPILER_APPICON_NAME = AppIcon;
				CODE_SIGN_STYLE = Automatic;
				INFOPLIST_FILE = MIilestone3/Info.plist;
				LD_RUNPATH_SEARCH_PATHS = (
					"$(inherited)",
					"@executable_path/Frameworks",
				);
				PRODUCT_BUNDLE_IDENTIFIER = com.8bitzz.MIilestone3;
				PRODUCT_NAME = "$(TARGET_NAME)";
				SWIFT_VERSION = 4.2;
				TARGETED_DEVICE_FAMILY = "1,2";
			};
			name = Release;
		};
/* End XCBuildConfiguration section */

/* Begin XCConfigurationList section */
		8CFA6E78225B5301005066A3 /* Build configuration list for PBXProject "MIilestone3" */ = {
			isa = XCConfigurationList;
			buildConfigurations = (
				8CFA6E8D225B5302005066A3 /* Debug */,
				8CFA6E8E225B5302005066A3 /* Release */,
			);
			defaultConfigurationIsVisible = 0;
			defaultConfigurationName = Release;
		};
		8CFA6E8F225B5302005066A3 /* Build configuration list for PBXNativeTarget "MIilestone3" */ = {
			isa = XCConfigurationList;
			buildConfigurations = (
				8CFA6E90225B5302005066A3 /* Debug */,
				8CFA6E91225B5302005066A3 /* Release */,
			);
			defaultConfigurationIsVisible = 0;
			defaultConfigurationName = Release;
		};
/* End XCConfigurationList section */
	};
	rootObject = 8CFA6E75225B5301005066A3 /* Project object */;
}
